// !$*UTF8*$!
{
	archiveVersion = 1;
	classes = {
	};
	objectVersion = 50;
	objects = {

/* Begin PBXBuildFile section */
		1F2071AE210408A700A788F2 /* dijkstra.cpp in Sources */ = {isa = PBXBuildFile; fileRef = 1F2071AC210408A700A788F2 /* dijkstra.cpp */; };
		1F34556620F420F40055C252 /* topological_sort.cpp in Sources */ = {isa = PBXBuildFile; fileRef = 1F34556420F420F40055C252 /* topological_sort.cpp */; };
		1F5B637D20F560C900EF1606 /* prims_mst.cpp in Sources */ = {isa = PBXBuildFile; fileRef = 1F5B637B20F560C900EF1606 /* prims_mst.cpp */; };
		1F67C6CE20ED17DB00809BD9 /* mergesort.cpp in Sources */ = {isa = PBXBuildFile; fileRef = 1F67C6CC20ED17DB00809BD9 /* mergesort.cpp */; };
		1F7CDB1120F7BE32003E783F /* hash_table.cpp in Sources */ = {isa = PBXBuildFile; fileRef = 1F7CDB0F20F7BE32003E783F /* hash_table.cpp */; };
		1FB0392720EC46C700FA2FAB /* main.cpp in Sources */ = {isa = PBXBuildFile; fileRef = 1FB0392620EC46C700FA2FAB /* main.cpp */; };
		1FB0392F20EC5E3500FA2FAB /* quicksort.cpp in Sources */ = {isa = PBXBuildFile; fileRef = 1FB0392D20EC5E3500FA2FAB /* quicksort.cpp */; };
/* End PBXBuildFile section */

/* Begin PBXCopyFilesBuildPhase section */
		1FB0392120EC46C700FA2FAB /* CopyFiles */ = {
			isa = PBXCopyFilesBuildPhase;
			buildActionMask = 2147483647;
			dstPath = /usr/share/man/man1/;
			dstSubfolderSpec = 0;
			files = (
			);
			runOnlyForDeploymentPostprocessing = 1;
		};
/* End PBXCopyFilesBuildPhase section */

/* Begin PBXFileReference section */
		1F2071AA21039BED00A788F2 /* custom_hash.hpp */ = {isa = PBXFileReference; lastKnownFileType = sourcecode.cpp.h; path = custom_hash.hpp; sourceTree = "<group>"; };
		1F2071AC210408A700A788F2 /* dijkstra.cpp */ = {isa = PBXFileReference; lastKnownFileType = sourcecode.cpp.cpp; path = dijkstra.cpp; sourceTree = "<group>"; };
		1F2071AD210408A700A788F2 /* dijkstra.hpp */ = {isa = PBXFileReference; lastKnownFileType = sourcecode.cpp.h; path = dijkstra.hpp; sourceTree = "<group>"; };
		1F34556420F420F40055C252 /* topological_sort.cpp */ = {isa = PBXFileReference; lastKnownFileType = sourcecode.cpp.cpp; path = topological_sort.cpp; sourceTree = "<group>"; };
		1F34556520F420F40055C252 /* topological_sort.hpp */ = {isa = PBXFileReference; lastKnownFileType = sourcecode.cpp.h; path = topological_sort.hpp; sourceTree = "<group>"; };
		1F5B637B20F560C900EF1606 /* prims_mst.cpp */ = {isa = PBXFileReference; lastKnownFileType = sourcecode.cpp.cpp; path = prims_mst.cpp; sourceTree = "<group>"; };
		1F5B637C20F560C900EF1606 /* prims_mst.hpp */ = {isa = PBXFileReference; lastKnownFileType = sourcecode.cpp.h; path = prims_mst.hpp; sourceTree = "<group>"; };
		1F5B638020F5634400EF1606 /* HashCombine.hpp */ = {isa = PBXFileReference; lastKnownFileType = sourcecode.cpp.h; path = HashCombine.hpp; sourceTree = "<group>"; };
		1F67C6CC20ED17DB00809BD9 /* mergesort.cpp */ = {isa = PBXFileReference; lastKnownFileType = sourcecode.cpp.cpp; path = mergesort.cpp; sourceTree = "<group>"; };
		1F67C6CD20ED17DB00809BD9 /* mergesort.hpp */ = {isa = PBXFileReference; lastKnownFileType = sourcecode.cpp.h; path = mergesort.hpp; sourceTree = "<group>"; };
		1F7CDB0F20F7BE32003E783F /* hash_table.cpp */ = {isa = PBXFileReference; lastKnownFileType = sourcecode.cpp.cpp; path = hash_table.cpp; sourceTree = "<group>"; };
		1F7CDB1020F7BE32003E783F /* hash_table.hpp */ = {isa = PBXFileReference; lastKnownFileType = sourcecode.cpp.h; path = hash_table.hpp; sourceTree = "<group>"; };
		1FB0392320EC46C700FA2FAB /* InterviewPlayground */ = {isa = PBXFileReference; explicitFileType = "compiled.mach-o.executable"; includeInIndex = 0; path = InterviewPlayground; sourceTree = BUILT_PRODUCTS_DIR; };
		1FB0392620EC46C700FA2FAB /* main.cpp */ = {isa = PBXFileReference; lastKnownFileType = sourcecode.cpp.cpp; path = main.cpp; sourceTree = "<group>"; };
		1FB0392D20EC5E3500FA2FAB /* quicksort.cpp */ = {isa = PBXFileReference; lastKnownFileType = sourcecode.cpp.cpp; path = quicksort.cpp; sourceTree = "<group>"; };
		1FB0392E20EC5E3500FA2FAB /* quicksort.hpp */ = {isa = PBXFileReference; lastKnownFileType = sourcecode.cpp.h; path = quicksort.hpp; sourceTree = "<group>"; };
/* End PBXFileReference section */

/* Begin PBXFrameworksBuildPhase section */
		1FB0392020EC46C700FA2FAB /* Frameworks */ = {
			isa = PBXFrameworksBuildPhase;
			buildActionMask = 2147483647;
			files = (
			);
			runOnlyForDeploymentPostprocessing = 0;
		};
/* End PBXFrameworksBuildPhase section */

/* Begin PBXGroup section */
		1F5B637E20F5631B00EF1606 /* Utils */ = {
			isa = PBXGroup;
			children = (
				1F5B638020F5634400EF1606 /* HashCombine.hpp */,
			);
			path = Utils;
			sourceTree = "<group>";
		};
		1FB0391A20EC46C700FA2FAB = {
			isa = PBXGroup;
			children = (
				1FB0392520EC46C700FA2FAB /* InterviewPlayground */,
				1FB0392420EC46C700FA2FAB /* Products */,
			);
			sourceTree = "<group>";
		};
		1FB0392420EC46C700FA2FAB /* Products */ = {
			isa = PBXGroup;
			children = (
				1FB0392320EC46C700FA2FAB /* InterviewPlayground */,
			);
			name = Products;
			sourceTree = "<group>";
		};
		1FB0392520EC46C700FA2FAB /* InterviewPlayground */ = {
			isa = PBXGroup;
			children = (
				1F5B637E20F5631B00EF1606 /* Utils */,
				1FB0392620EC46C700FA2FAB /* main.cpp */,
				1FB0392D20EC5E3500FA2FAB /* quicksort.cpp */,
				1FB0392E20EC5E3500FA2FAB /* quicksort.hpp */,
				1F67C6CC20ED17DB00809BD9 /* mergesort.cpp */,
				1F67C6CD20ED17DB00809BD9 /* mergesort.hpp */,
				1F34556420F420F40055C252 /* topological_sort.cpp */,
				1F34556520F420F40055C252 /* topological_sort.hpp */,
				1F5B637B20F560C900EF1606 /* prims_mst.cpp */,
				1F5B637C20F560C900EF1606 /* prims_mst.hpp */,
				1F7CDB0F20F7BE32003E783F /* hash_table.cpp */,
				1F7CDB1020F7BE32003E783F /* hash_table.hpp */,
				1F2071AA21039BED00A788F2 /* custom_hash.hpp */,
				1F2071AC210408A700A788F2 /* dijkstra.cpp */,
				1F2071AD210408A700A788F2 /* dijkstra.hpp */,
			);
			path = InterviewPlayground;
			sourceTree = "<group>";
		};
/* End PBXGroup section */

/* Begin PBXNativeTarget section */
		1FB0392220EC46C700FA2FAB /* InterviewPlayground */ = {
			isa = PBXNativeTarget;
			buildConfigurationList = 1FB0392A20EC46C700FA2FAB /* Build configuration list for PBXNativeTarget "InterviewPlayground" */;
			buildPhases = (
				1FB0391F20EC46C700FA2FAB /* Sources */,
				1FB0392020EC46C700FA2FAB /* Frameworks */,
				1FB0392120EC46C700FA2FAB /* CopyFiles */,
			);
			buildRules = (
			);
			dependencies = (
			);
			name = InterviewPlayground;
			productName = InterviewPlayground;
			productReference = 1FB0392320EC46C700FA2FAB /* InterviewPlayground */;
			productType = "com.apple.product-type.tool";
		};
/* End PBXNativeTarget section */

/* Begin PBXProject section */
		1FB0391B20EC46C700FA2FAB /* Project object */ = {
			isa = PBXProject;
			attributes = {
				LastUpgradeCheck = 0940;
				ORGANIZATIONNAME = "Chris (Murim) Park";
				TargetAttributes = {
					1FB0392220EC46C700FA2FAB = {
						CreatedOnToolsVersion = 9.4.1;
					};
				};
			};
			buildConfigurationList = 1FB0391E20EC46C700FA2FAB /* Build configuration list for PBXProject "InterviewPlayground" */;
			compatibilityVersion = "Xcode 9.3";
			developmentRegion = en;
			hasScannedForEncodings = 0;
			knownRegions = (
				en,
			);
			mainGroup = 1FB0391A20EC46C700FA2FAB;
			productRefGroup = 1FB0392420EC46C700FA2FAB /* Products */;
			projectDirPath = "";
			projectRoot = "";
			targets = (
				1FB0392220EC46C700FA2FAB /* InterviewPlayground */,
			);
		};
/* End PBXProject section */

/* Begin PBXSourcesBuildPhase section */
		1FB0391F20EC46C700FA2FAB /* Sources */ = {
			isa = PBXSourcesBuildPhase;
			buildActionMask = 2147483647;
			files = (
				1FB0392720EC46C700FA2FAB /* main.cpp in Sources */,
				1F34556620F420F40055C252 /* topological_sort.cpp in Sources */,
				1F2071AE210408A700A788F2 /* dijkstra.cpp in Sources */,
				1FB0392F20EC5E3500FA2FAB /* quicksort.cpp in Sources */,
				1F5B637D20F560C900EF1606 /* prims_mst.cpp in Sources */,
				1F7CDB1120F7BE32003E783F /* hash_table.cpp in Sources */,
				1F67C6CE20ED17DB00809BD9 /* mergesort.cpp in Sources */,
			);
			runOnlyForDeploymentPostprocessing = 0;
		};
/* End PBXSourcesBuildPhase section */

/* Begin XCBuildConfiguration section */
		1FB0392820EC46C700FA2FAB /* Debug */ = {
			isa = XCBuildConfiguration;
			buildSettings = {
				ALWAYS_SEARCH_USER_PATHS = NO;
				CLANG_ANALYZER_NONNULL = YES;
				CLANG_ANALYZER_NUMBER_OBJECT_CONVERSION = YES_AGGRESSIVE;
				CLANG_CXX_LANGUAGE_STANDARD = "gnu++14";
				CLANG_CXX_LIBRARY = "libc++";
				CLANG_ENABLE_MODULES = YES;
				CLANG_ENABLE_OBJC_ARC = YES;
				CLANG_ENABLE_OBJC_WEAK = YES;
				CLANG_WARN_BLOCK_CAPTURE_AUTORELEASING = YES;
				CLANG_WARN_BOOL_CONVERSION = YES;
				CLANG_WARN_COMMA = YES;
				CLANG_WARN_CONSTANT_CONVERSION = YES;
				CLANG_WARN_DEPRECATED_OBJC_IMPLEMENTATIONS = YES;
				CLANG_WARN_DIRECT_OBJC_ISA_USAGE = YES_ERROR;
				CLANG_WARN_DOCUMENTATION_COMMENTS = YES;
				CLANG_WARN_EMPTY_BODY = YES;
				CLANG_WARN_ENUM_CONVERSION = YES;
				CLANG_WARN_INFINITE_RECURSION = YES;
				CLANG_WARN_INT_CONVERSION = YES;
				CLANG_WARN_NON_LITERAL_NULL_CONVERSION = YES;
				CLANG_WARN_OBJC_IMPLICIT_RETAIN_SELF = YES;
				CLANG_WARN_OBJC_LITERAL_CONVERSION = YES;
				CLANG_WARN_OBJC_ROOT_CLASS = YES_ERROR;
				CLANG_WARN_RANGE_LOOP_ANALYSIS = YES;
				CLANG_WARN_STRICT_PROTOTYPES = YES;
				CLANG_WARN_SUSPICIOUS_MOVE = YES;
				CLANG_WARN_UNGUARDED_AVAILABILITY = YES_AGGRESSIVE;
				CLANG_WARN_UNREACHABLE_CODE = YES;
				CLANG_WARN__DUPLICATE_METHOD_MATCH = YES;
				CODE_SIGN_IDENTITY = "-";
				COPY_PHASE_STRIP = NO;
				DEBUG_INFORMATION_FORMAT = dwarf;
				ENABLE_STRICT_OBJC_MSGSEND = YES;
				ENABLE_TESTABILITY = YES;
				GCC_C_LANGUAGE_STANDARD = gnu11;
				GCC_DYNAMIC_NO_PIC = NO;
				GCC_NO_COMMON_BLOCKS = YES;
				GCC_OPTIMIZATION_LEVEL = 0;
				GCC_PREPROCESSOR_DEFINITIONS = (
					"DEBUG=1",
					"$(inherited)",
				);
				GCC_WARN_64_TO_32_BIT_CONVERSION = YES;
				GCC_WARN_ABOUT_RETURN_TYPE = YES_ERROR;
				GCC_WARN_UNDECLARED_SELECTOR = YES;
				GCC_WARN_UNINITIALIZED_AUTOS = YES_AGGRESSIVE;
				GCC_WARN_UNUSED_FUNCTION = YES;
				GCC_WARN_UNUSED_VARIABLE = YES;
				MACOSX_DEPLOYMENT_TARGET = 10.13;
				MTL_ENABLE_DEBUG_INFO = YES;
				ONLY_ACTIVE_ARCH = YES;
				SDKROOT = macosx;
			};
			name = Debug;
		};
		1FB0392920EC46C700FA2FAB /* Release */ = {
			isa = XCBuildConfiguration;
			buildSettings = {
				ALWAYS_SEARCH_USER_PATHS = NO;
				CLANG_ANALYZER_NONNULL = YES;
				CLANG_ANALYZER_NUMBER_OBJECT_CONVERSION = YES_AGGRESSIVE;
				CLANG_CXX_LANGUAGE_STANDARD = "gnu++14";
				CLANG_CXX_LIBRARY = "libc++";
				CLANG_ENABLE_MODULES = YES;
				CLANG_ENABLE_OBJC_ARC = YES;
				CLANG_ENABLE_OBJC_WEAK = YES;
				CLANG_WARN_BLOCK_CAPTURE_AUTORELEASING = YES;
				CLANG_WARN_BOOL_CONVERSION = YES;
				CLANG_WARN_COMMA = YES;
				CLANG_WARN_CONSTANT_CONVERSION = YES;
				CLANG_WARN_DEPRECATED_OBJC_IMPLEMENTATIONS = YES;
				CLANG_WARN_DIRECT_OBJC_ISA_USAGE = YES_ERROR;
				CLANG_WARN_DOCUMENTATION_COMMENTS = YES;
				CLANG_WARN_EMPTY_BODY = YES;
				CLANG_WARN_ENUM_CONVERSION = YES;
				CLANG_WARN_INFINITE_RECURSION = YES;
				CLANG_WARN_INT_CONVERSION = YES;
				CLANG_WARN_NON_LITERAL_NULL_CONVERSION = YES;
				CLANG_WARN_OBJC_IMPLICIT_RETAIN_SELF = YES;
				CLANG_WARN_OBJC_LITERAL_CONVERSION = YES;
				CLANG_WARN_OBJC_ROOT_CLASS = YES_ERROR;
				CLANG_WARN_RANGE_LOOP_ANALYSIS = YES;
				CLANG_WARN_STRICT_PROTOTYPES = YES;
				CLANG_WARN_SUSPICIOUS_MOVE = YES;
				CLANG_WARN_UNGUARDED_AVAILABILITY = YES_AGGRESSIVE;
				CLANG_WARN_UNREACHABLE_CODE = YES;
				CLANG_WARN__DUPLICATE_METHOD_MATCH = YES;
				CODE_SIGN_IDENTITY = "-";
				COPY_PHASE_STRIP = NO;
				DEBUG_INFORMATION_FORMAT = "dwarf-with-dsym";
				ENABLE_NS_ASSERTIONS = NO;
				ENABLE_STRICT_OBJC_MSGSEND = YES;
				GCC_C_LANGUAGE_STANDARD = gnu11;
				GCC_NO_COMMON_BLOCKS = YES;
				GCC_WARN_64_TO_32_BIT_CONVERSION = YES;
				GCC_WARN_ABOUT_RETURN_TYPE = YES_ERROR;
				GCC_WARN_UNDECLARED_SELECTOR = YES;
				GCC_WARN_UNINITIALIZED_AUTOS = YES_AGGRESSIVE;
				GCC_WARN_UNUSED_FUNCTION = YES;
				GCC_WARN_UNUSED_VARIABLE = YES;
				MACOSX_DEPLOYMENT_TARGET = 10.13;
				MTL_ENABLE_DEBUG_INFO = NO;
				SDKROOT = macosx;
			};
			name = Release;
		};
		1FB0392B20EC46C700FA2FAB /* Debug */ = {
			isa = XCBuildConfiguration;
			buildSettings = {
				CODE_SIGN_STYLE = Automatic;
				PRODUCT_NAME = "$(TARGET_NAME)";
			};
			name = Debug;
		};
		1FB0392C20EC46C700FA2FAB /* Release */ = {
			isa = XCBuildConfiguration;
			buildSettings = {
				CODE_SIGN_STYLE = Automatic;
				PRODUCT_NAME = "$(TARGET_NAME)";
			};
			name = Release;
		};
/* End XCBuildConfiguration section */

/* Begin XCConfigurationList section */
		1FB0391E20EC46C700FA2FAB /* Build configuration list for PBXProject "InterviewPlayground" */ = {
			isa = XCConfigurationList;
			buildConfigurations = (
				1FB0392820EC46C700FA2FAB /* Debug */,
				1FB0392920EC46C700FA2FAB /* Release */,
			);
			defaultConfigurationIsVisible = 0;
			defaultConfigurationName = Release;
		};
		1FB0392A20EC46C700FA2FAB /* Build configuration list for PBXNativeTarget "InterviewPlayground" */ = {
			isa = XCConfigurationList;
			buildConfigurations = (
				1FB0392B20EC46C700FA2FAB /* Debug */,
				1FB0392C20EC46C700FA2FAB /* Release */,
			);
			defaultConfigurationIsVisible = 0;
			defaultConfigurationName = Release;
		};
/* End XCConfigurationList section */
	};
	rootObject = 1FB0391B20EC46C700FA2FAB /* Project object */;
}
